
Microsoft Visual Studio Solution File, Format Version 12.00
# Visual Studio Version 17
VisualStudioVersion = 17.6.33829.357
MinimumVisualStudioVersion = 10.0.40219.1
Project("{FAE04EC0-301F-11D3-BF4B-00C04F79EFBC}") = "product-manage", "product-manage\product-manage.csproj", "{98A5C1C9-FE2F-4B27-B2BB-91D23D0999FF}"
EndProject
Global
	GlobalSection(SolutionConfigurationPlatforms) = preSolution
		Debug|Any CPU = Debug|Any CPU
		Release|Any CPU = Release|Any CPU
	EndGlobalSection
	GlobalSection(ProjectConfigurationPlatforms) = postSolution
		{98A5C1C9-FE2F-4B27-B2BB-91D23D0999FF}.Debug|Any CPU.ActiveCfg = Debug|Any CPU
		{98A5C1C9-FE2F-4B27-B2BB-91D23D0999FF}.Debug|Any CPU.Build.0 = Debug|Any CPU
		{98A5C1C9-FE2F-4B27-B2BB-91D23D0999FF}.Release|Any CPU.ActiveCfg = Release|Any CPU
		{98A5C1C9-FE2F-4B27-B2BB-91D23D0999FF}.Release|Any CPU.Build.0 = Release|Any CPU
	EndGlobalSection
	GlobalSection(SolutionProperties) = preSolution
		HideSolutionNode = FALSE
	EndGlobalSection
	GlobalSection(ExtensibilityGlobals) = postSolution
		SolutionGuid = {C70D9A59-FD86-400D-9964-D8CA9A303239}
	EndGlobalSection
EndGlobal
